
Microsoft Visual Studio Solution File, Format Version 12.00
# Visual Studio 14
VisualStudioVersion = 14.0.25420.1
MinimumVisualStudioVersion = 10.0.40219.1
Project("{FAE04EC0-301F-11D3-BF4B-00C04F79EFBC}") = "OsztalyokKetto", "OsztalyokKetto\OsztalyokKetto.csproj", "{B991C769-23DF-4A9D-9858-0AB45784287F}"
EndProject
Global
	GlobalSection(SolutionConfigurationPlatforms) = preSolution
		Debug|Any CPU = Debug|Any CPU
		Release|Any CPU = Release|Any CPU
	EndGlobalSection
	GlobalSection(ProjectConfigurationPlatforms) = postSolution
		{B991C769-23DF-4A9D-9858-0AB45784287F}.Debug|Any CPU.ActiveCfg = Debug|Any CPU
		{B991C769-23DF-4A9D-9858-0AB45784287F}.Debug|Any CPU.Build.0 = Debug|Any CPU
		{B991C769-23DF-4A9D-9858-0AB45784287F}.Release|Any CPU.ActiveCfg = Release|Any CPU
		{B991C769-23DF-4A9D-9858-0AB45784287F}.Release|Any CPU.Build.0 = Release|Any CPU
	EndGlobalSection
	GlobalSection(SolutionProperties) = preSolution
		HideSolutionNode = FALSE
	EndGlobalSection
EndGlobal
